
Microsoft Visual Studio Solution File, Format Version 12.00
# Visual Studio Version 17
VisualStudioVersion = 17.0.31912.275
MinimumVisualStudioVersion = 10.0.40219.1
Project("{2150E333-8FDC-42A3-9474-1A3956D46DE8}") = "Web", "Web", "{E389DEB6-5F90-444B-A054-12A10D39C76F}"
EndProject
Project("{9A19103F-16F7-4668-BE54-9A1E7A4F7556}") = "Charterio.Web", "Web\Charterio.Web\Charterio.Web.csproj", "{B90D1067-FE4C-400E-BA78-5413E30AB9ED}"
EndProject
Project("{2150E333-8FDC-42A3-9474-1A3956D46DE8}") = "Data", "Data", "{ACBE44C4-E198-45E2-BA02-6655250A0006}"
EndProject
Project("{9A19103F-16F7-4668-BE54-9A1E7A4F7556}") = "Charterio.Data.Models", "Data\Charterio.Data.Models\Charterio.Data.Models.csproj", "{E9FDB52F-52DC-48B2-86E1-0176377BB53F}"
EndProject
Project("{2150E333-8FDC-42A3-9474-1A3956D46DE8}") = "Services", "Services", "{516E002B-9E6E-4456-B7F6-EAA353966DE6}"
EndProject
Project("{2150E333-8FDC-42A3-9474-1A3956D46DE8}") = "Tests", "Tests", "{7A731632-6714-44E2-A9E4-069EBA9E666C}"
EndProject
Project("{9A19103F-16F7-4668-BE54-9A1E7A4F7556}") = "Charterio.Services", "Services\Charterio.Services\Charterio.Services.csproj", "{8522212F-F01E-4E20-9975-FCF5E10D71DB}"
EndProject
Project("{9A19103F-16F7-4668-BE54-9A1E7A4F7556}") = "Charterio.Data", "Data\Charterio.Data\Charterio.Data.csproj", "{4B844ECB-E845-49A6-8B31-85E577933598}"
	ProjectSection(ProjectDependencies) = postProject
		{5C9FDD2F-EC99-4F3B-8D59-0E96271D0946} = {5C9FDD2F-EC99-4F3B-8D59-0E96271D0946}
	EndProjectSection
EndProject
Project("{9A19103F-16F7-4668-BE54-9A1E7A4F7556}") = "Charterio.Data.Common", "Data\Charterio.Data.Common\Charterio.Data.Common.csproj", "{D0D59508-CF8B-4656-A344-396C530BB9DF}"
EndProject
Project("{9A19103F-16F7-4668-BE54-9A1E7A4F7556}") = "Charterio.Web.Infrastructure", "Web\Charterio.Web.Infrastructure\Charterio.Web.Infrastructure.csproj", "{7A7A7986-1F5B-4EBD-9B17-8B41F8FABA58}"
EndProject
Project("{9A19103F-16F7-4668-BE54-9A1E7A4F7556}") = "Charterio.Services.Data", "Services\Charterio.Services.Data\Charterio.Services.Data.csproj", "{4D39C126-3FB5-4B26-B08C-1BF48EFFA23E}"
EndProject
Project("{9A19103F-16F7-4668-BE54-9A1E7A4F7556}") = "Charterio.Services.Mapping", "Services\Charterio.Services.Mapping\Charterio.Services.Mapping.csproj", "{415FD7FA-0453-4FE1-9A29-C6E1D8B45C3D}"
EndProject
Project("{9A19103F-16F7-4668-BE54-9A1E7A4F7556}") = "Sandbox", "Tests\Sandbox\Sandbox.csproj", "{8AB6B92A-0837-4BDE-B950-10BE3FF2B6A8}"
EndProject
Project("{9A19103F-16F7-4668-BE54-9A1E7A4F7556}") = "Charterio.Services.Data.Tests", "Tests\Charterio.Services.Data.Tests\Charterio.Services.Data.Tests.csproj", "{901AB2DA-6E52-4FB2-91F0-58EB0115F2F7}"
	ProjectSection(ProjectDependencies) = postProject
		{8522212F-F01E-4E20-9975-FCF5E10D71DB} = {8522212F-F01E-4E20-9975-FCF5E10D71DB}
		{8CBA8145-63B3-4D6C-BE06-625AFCAB7A89} = {8CBA8145-63B3-4D6C-BE06-625AFCAB7A89}
		{7F612EE6-3F7F-4E43-B4BC-E74A1D03BC19} = {7F612EE6-3F7F-4E43-B4BC-E74A1D03BC19}
		{415FD7FA-0453-4FE1-9A29-C6E1D8B45C3D} = {415FD7FA-0453-4FE1-9A29-C6E1D8B45C3D}
	EndProjectSection
EndProject
Project("{9A19103F-16F7-4668-BE54-9A1E7A4F7556}") = "Charterio.Web.Tests", "Tests\Charterio.Web.Tests\Charterio.Web.Tests.csproj", "{3EE06C6E-C8F3-418A-A309-8AC81976A074}"
EndProject
Project("{9A19103F-16F7-4668-BE54-9A1E7A4F7556}") = "Charterio.Web.ViewModels", "Web\Charterio.Web.ViewModels\Charterio.Web.ViewModels.csproj", "{13B7AACB-9C85-4409-8D4B-95A67D0DFFF7}"
	ProjectSection(ProjectDependencies) = postProject
		{5C9FDD2F-EC99-4F3B-8D59-0E96271D0946} = {5C9FDD2F-EC99-4F3B-8D59-0E96271D0946}
	EndProjectSection
EndProject
Project("{9A19103F-16F7-4668-BE54-9A1E7A4F7556}") = "Charterio.Services.Hosted", "Services\Charterio.Services.Hosted\Charterio.Services.Hosted.csproj", "{8CBA8145-63B3-4D6C-BE06-625AFCAB7A89}"
	ProjectSection(ProjectDependencies) = postProject
		{D0D59508-CF8B-4656-A344-396C530BB9DF} = {D0D59508-CF8B-4656-A344-396C530BB9DF}
	EndProjectSection
EndProject
Project("{9A19103F-16F7-4668-BE54-9A1E7A4F7556}") = "Charterio.Services.Payment", "Services\Charterio.Services.Payment\Charterio.Services.Payment.csproj", "{7F612EE6-3F7F-4E43-B4BC-E74A1D03BC19}"
	ProjectSection(ProjectDependencies) = postProject
		{4D39C126-3FB5-4B26-B08C-1BF48EFFA23E} = {4D39C126-3FB5-4B26-B08C-1BF48EFFA23E}
		{4B844ECB-E845-49A6-8B31-85E577933598} = {4B844ECB-E845-49A6-8B31-85E577933598}
	EndProjectSection
EndProject
Project("{9A19103F-16F7-4668-BE54-9A1E7A4F7556}") = "Charterio.Global", "Global\Charterio.Global.csproj", "{5C9FDD2F-EC99-4F3B-8D59-0E96271D0946}"
EndProject
Project("{9A19103F-16F7-4668-BE54-9A1E7A4F7556}") = "Charterio.Services.Hosted.Tests", "Tests\Charterio.Services.Hosted.Tests\Charterio.Services.Hosted.Tests.csproj", "{87369420-635F-42CA-AADD-06BA8B30EF1A}"
EndProject
Global
	GlobalSection(SolutionConfigurationPlatforms) = preSolution
		Debug|Any CPU = Debug|Any CPU
		Release|Any CPU = Release|Any CPU
	EndGlobalSection
	GlobalSection(ProjectConfigurationPlatforms) = postSolution
		{B90D1067-FE4C-400E-BA78-5413E30AB9ED}.Debug|Any CPU.ActiveCfg = Debug|Any CPU
		{B90D1067-FE4C-400E-BA78-5413E30AB9ED}.Debug|Any CPU.Build.0 = Debug|Any CPU
		{B90D1067-FE4C-400E-BA78-5413E30AB9ED}.Release|Any CPU.ActiveCfg = Release|Any CPU
		{B90D1067-FE4C-400E-BA78-5413E30AB9ED}.Release|Any CPU.Build.0 = Release|Any CPU
		{E9FDB52F-52DC-48B2-86E1-0176377BB53F}.Debug|Any CPU.ActiveCfg = Debug|Any CPU
		{E9FDB52F-52DC-48B2-86E1-0176377BB53F}.Debug|Any CPU.Build.0 = Debug|Any CPU
		{E9FDB52F-52DC-48B2-86E1-0176377BB53F}.Release|Any CPU.ActiveCfg = Release|Any CPU
		{E9FDB52F-52DC-48B2-86E1-0176377BB53F}.Release|Any CPU.Build.0 = Release|Any CPU
		{8522212F-F01E-4E20-9975-FCF5E10D71DB}.Debug|Any CPU.ActiveCfg = Debug|Any CPU
		{8522212F-F01E-4E20-9975-FCF5E10D71DB}.Debug|Any CPU.Build.0 = Debug|Any CPU
		{8522212F-F01E-4E20-9975-FCF5E10D71DB}.Release|Any CPU.ActiveCfg = Release|Any CPU
		{8522212F-F01E-4E20-9975-FCF5E10D71DB}.Release|Any CPU.Build.0 = Release|Any CPU
		{4B844ECB-E845-49A6-8B31-85E577933598}.Debug|Any CPU.ActiveCfg = Debug|Any CPU
		{4B844ECB-E845-49A6-8B31-85E577933598}.Debug|Any CPU.Build.0 = Debug|Any CPU
		{4B844ECB-E845-49A6-8B31-85E577933598}.Release|Any CPU.ActiveCfg = Release|Any CPU
		{4B844ECB-E845-49A6-8B31-85E577933598}.Release|Any CPU.Build.0 = Release|Any CPU
		{D0D59508-CF8B-4656-A344-396C530BB9DF}.Debug|Any CPU.ActiveCfg = Debug|Any CPU
		{D0D59508-CF8B-4656-A344-396C530BB9DF}.Debug|Any CPU.Build.0 = Debug|Any CPU
		{D0D59508-CF8B-4656-A344-396C530BB9DF}.Release|Any CPU.ActiveCfg = Release|Any CPU
		{D0D59508-CF8B-4656-A344-396C530BB9DF}.Release|Any CPU.Build.0 = Release|Any CPU
		{7A7A7986-1F5B-4EBD-9B17-8B41F8FABA58}.Debug|Any CPU.ActiveCfg = Debug|Any CPU
		{7A7A7986-1F5B-4EBD-9B17-8B41F8FABA58}.Debug|Any CPU.Build.0 = Debug|Any CPU
		{7A7A7986-1F5B-4EBD-9B17-8B41F8FABA58}.Release|Any CPU.ActiveCfg = Release|Any CPU
		{7A7A7986-1F5B-4EBD-9B17-8B41F8FABA58}.Release|Any CPU.Build.0 = Release|Any CPU
		{4D39C126-3FB5-4B26-B08C-1BF48EFFA23E}.Debug|Any CPU.ActiveCfg = Debug|Any CPU
		{4D39C126-3FB5-4B26-B08C-1BF48EFFA23E}.Debug|Any CPU.Build.0 = Debug|Any CPU
		{4D39C126-3FB5-4B26-B08C-1BF48EFFA23E}.Release|Any CPU.ActiveCfg = Release|Any CPU
		{4D39C126-3FB5-4B26-B08C-1BF48EFFA23E}.Release|Any CPU.Build.0 = Release|Any CPU
		{415FD7FA-0453-4FE1-9A29-C6E1D8B45C3D}.Debug|Any CPU.ActiveCfg = Debug|Any CPU
		{415FD7FA-0453-4FE1-9A29-C6E1D8B45C3D}.Debug|Any CPU.Build.0 = Debug|Any CPU
		{415FD7FA-0453-4FE1-9A29-C6E1D8B45C3D}.Release|Any CPU.ActiveCfg = Release|Any CPU
		{415FD7FA-0453-4FE1-9A29-C6E1D8B45C3D}.Release|Any CPU.Build.0 = Release|Any CPU
		{8AB6B92A-0837-4BDE-B950-10BE3FF2B6A8}.Debug|Any CPU.ActiveCfg = Debug|Any CPU
		{8AB6B92A-0837-4BDE-B950-10BE3FF2B6A8}.Debug|Any CPU.Build.0 = Debug|Any CPU
		{8AB6B92A-0837-4BDE-B950-10BE3FF2B6A8}.Release|Any CPU.ActiveCfg = Release|Any CPU
		{8AB6B92A-0837-4BDE-B950-10BE3FF2B6A8}.Release|Any CPU.Build.0 = Release|Any CPU
		{901AB2DA-6E52-4FB2-91F0-58EB0115F2F7}.Debug|Any CPU.ActiveCfg = Debug|Any CPU
		{901AB2DA-6E52-4FB2-91F0-58EB0115F2F7}.Debug|Any CPU.Build.0 = Debug|Any CPU
		{901AB2DA-6E52-4FB2-91F0-58EB0115F2F7}.Release|Any CPU.ActiveCfg = Release|Any CPU
		{901AB2DA-6E52-4FB2-91F0-58EB0115F2F7}.Release|Any CPU.Build.0 = Release|Any CPU
		{3EE06C6E-C8F3-418A-A309-8AC81976A074}.Debug|Any CPU.ActiveCfg = Debug|Any CPU
		{3EE06C6E-C8F3-418A-A309-8AC81976A074}.Debug|Any CPU.Build.0 = Debug|Any CPU
		{3EE06C6E-C8F3-418A-A309-8AC81976A074}.Release|Any CPU.ActiveCfg = Release|Any CPU
		{3EE06C6E-C8F3-418A-A309-8AC81976A074}.Release|Any CPU.Build.0 = Release|Any CPU
		{13B7AACB-9C85-4409-8D4B-95A67D0DFFF7}.Debug|Any CPU.ActiveCfg = Debug|Any CPU
		{13B7AACB-9C85-4409-8D4B-95A67D0DFFF7}.Debug|Any CPU.Build.0 = Debug|Any CPU
		{13B7AACB-9C85-4409-8D4B-95A67D0DFFF7}.Release|Any CPU.ActiveCfg = Release|Any CPU
		{13B7AACB-9C85-4409-8D4B-95A67D0DFFF7}.Release|Any CPU.Build.0 = Release|Any CPU
		{8CBA8145-63B3-4D6C-BE06-625AFCAB7A89}.Debug|Any CPU.ActiveCfg = Debug|Any CPU
		{8CBA8145-63B3-4D6C-BE06-625AFCAB7A89}.Debug|Any CPU.Build.0 = Debug|Any CPU
		{8CBA8145-63B3-4D6C-BE06-625AFCAB7A89}.Release|Any CPU.ActiveCfg = Release|Any CPU
		{8CBA8145-63B3-4D6C-BE06-625AFCAB7A89}.Release|Any CPU.Build.0 = Release|Any CPU
		{7F612EE6-3F7F-4E43-B4BC-E74A1D03BC19}.Debug|Any CPU.ActiveCfg = Debug|Any CPU
		{7F612EE6-3F7F-4E43-B4BC-E74A1D03BC19}.Debug|Any CPU.Build.0 = Debug|Any CPU
		{7F612EE6-3F7F-4E43-B4BC-E74A1D03BC19}.Release|Any CPU.ActiveCfg = Release|Any CPU
		{7F612EE6-3F7F-4E43-B4BC-E74A1D03BC19}.Release|Any CPU.Build.0 = Release|Any CPU
		{5C9FDD2F-EC99-4F3B-8D59-0E96271D0946}.Debug|Any CPU.ActiveCfg = Debug|Any CPU
		{5C9FDD2F-EC99-4F3B-8D59-0E96271D0946}.Debug|Any CPU.Build.0 = Debug|Any CPU
		{5C9FDD2F-EC99-4F3B-8D59-0E96271D0946}.Release|Any CPU.ActiveCfg = Release|Any CPU
		{5C9FDD2F-EC99-4F3B-8D59-0E96271D0946}.Release|Any CPU.Build.0 = Release|Any CPU
		{87369420-635F-42CA-AADD-06BA8B30EF1A}.Debug|Any CPU.ActiveCfg = Debug|Any CPU
		{87369420-635F-42CA-AADD-06BA8B30EF1A}.Debug|Any CPU.Build.0 = Debug|Any CPU
		{87369420-635F-42CA-AADD-06BA8B30EF1A}.Release|Any CPU.ActiveCfg = Release|Any CPU
		{87369420-635F-42CA-AADD-06BA8B30EF1A}.Release|Any CPU.Build.0 = Release|Any CPU
	EndGlobalSection
	GlobalSection(SolutionProperties) = preSolution
		HideSolutionNode = FALSE
	EndGlobalSection
	GlobalSection(NestedProjects) = preSolution
		{B90D1067-FE4C-400E-BA78-5413E30AB9ED} = {E389DEB6-5F90-444B-A054-12A10D39C76F}
		{E9FDB52F-52DC-48B2-86E1-0176377BB53F} = {ACBE44C4-E198-45E2-BA02-6655250A0006}
		{8522212F-F01E-4E20-9975-FCF5E10D71DB} = {516E002B-9E6E-4456-B7F6-EAA353966DE6}
		{4B844ECB-E845-49A6-8B31-85E577933598} = {ACBE44C4-E198-45E2-BA02-6655250A0006}
		{D0D59508-CF8B-4656-A344-396C530BB9DF} = {ACBE44C4-E198-45E2-BA02-6655250A0006}
		{7A7A7986-1F5B-4EBD-9B17-8B41F8FABA58} = {E389DEB6-5F90-444B-A054-12A10D39C76F}
		{4D39C126-3FB5-4B26-B08C-1BF48EFFA23E} = {516E002B-9E6E-4456-B7F6-EAA353966DE6}
		{415FD7FA-0453-4FE1-9A29-C6E1D8B45C3D} = {516E002B-9E6E-4456-B7F6-EAA353966DE6}
		{8AB6B92A-0837-4BDE-B950-10BE3FF2B6A8} = {7A731632-6714-44E2-A9E4-069EBA9E666C}
		{901AB2DA-6E52-4FB2-91F0-58EB0115F2F7} = {7A731632-6714-44E2-A9E4-069EBA9E666C}
		{3EE06C6E-C8F3-418A-A309-8AC81976A074} = {7A731632-6714-44E2-A9E4-069EBA9E666C}
		{13B7AACB-9C85-4409-8D4B-95A67D0DFFF7} = {E389DEB6-5F90-444B-A054-12A10D39C76F}
		{8CBA8145-63B3-4D6C-BE06-625AFCAB7A89} = {516E002B-9E6E-4456-B7F6-EAA353966DE6}
		{7F612EE6-3F7F-4E43-B4BC-E74A1D03BC19} = {516E002B-9E6E-4456-B7F6-EAA353966DE6}
		{87369420-635F-42CA-AADD-06BA8B30EF1A} = {7A731632-6714-44E2-A9E4-069EBA9E666C}
	EndGlobalSection
	GlobalSection(ExtensibilityGlobals) = postSolution
		SolutionGuid = {384484BE-4680-4529-9CC2-AD37BA4D12D1}
	EndGlobalSection
EndGlobal
